// !$*UTF8*$!
{
	archiveVersion = 1;
	classes = {
	};
	objectVersion = 46;
	objects = {

/* Begin PBXBuildFile section */
		0B8EE91B19E2E20100AC6A8C /* Foundation.framework in Frameworks */ = {isa = PBXBuildFile; fileRef = 0B8EE91A19E2E20100AC6A8C /* Foundation.framework */; };
		0B8EE91E19E2E20100AC6A8C /* main.m in Sources */ = {isa = PBXBuildFile; fileRef = 0B8EE91D19E2E20100AC6A8C /* main.m */; };
		0B8EE92D19E2E2F700AC6A8C /* smc.c in Sources */ = {isa = PBXBuildFile; fileRef = 0B8EE92B19E2E2F700AC6A8C /* smc.c */; };
		0B8EE93119E2E30900AC6A8C /* BRLOptionParser.m in Sources */ = {isa = PBXBuildFile; fileRef = 0B8EE93019E2E30900AC6A8C /* BRLOptionParser.m */; };
		0B8EE93519E2E33500AC6A8C /* batt.m in Sources */ = {isa = PBXBuildFile; fileRef = 0B8EE93419E2E33500AC6A8C /* batt.m */; };
/* End PBXBuildFile section */

/* Begin PBXCopyFilesBuildPhase section */
		0B8EE91519E2E20100AC6A8C /* CopyFiles */ = {
			isa = PBXCopyFilesBuildPhase;
			buildActionMask = 2147483647;
			dstPath = /usr/share/man/man1/;
			dstSubfolderSpec = 0;
			files = (
			);
			runOnlyForDeploymentPostprocessing = 1;
		};
/* End PBXCopyFilesBuildPhase section */

/* Begin PBXFileReference section */
		0B8EE91719E2E20100AC6A8C /* xline */ = {isa = PBXFileReference; explicitFileType = "compiled.mach-o.executable"; includeInIndex = 0; path = xline; sourceTree = BUILT_PRODUCTS_DIR; };
		0B8EE91A19E2E20100AC6A8C /* Foundation.framework */ = {isa = PBXFileReference; lastKnownFileType = wrapper.framework; name = Foundation.framework; path = System/Library/Frameworks/Foundation.framework; sourceTree = SDKROOT; };
		0B8EE91D19E2E20100AC6A8C /* main.m */ = {isa = PBXFileReference; lastKnownFileType = sourcecode.c.objc; path = main.m; sourceTree = "<group>"; };
		0B8EE92019E2E20100AC6A8C /* xline-Prefix.pch */ = {isa = PBXFileReference; lastKnownFileType = sourcecode.c.h; path = "xline-Prefix.pch"; sourceTree = "<group>"; };
		0B8EE92B19E2E2F700AC6A8C /* smc.c */ = {isa = PBXFileReference; fileEncoding = 4; lastKnownFileType = sourcecode.c.c; name = smc.c; path = xline/SMCTool/smc.c; sourceTree = "<group>"; };
		0B8EE92C19E2E2F700AC6A8C /* smc.h */ = {isa = PBXFileReference; fileEncoding = 4; lastKnownFileType = sourcecode.c.h; name = smc.h; path = xline/SMCTool/smc.h; sourceTree = "<group>"; };
		0B8EE92E19E2E30900AC6A8C /* BRLOptionParser-Prefix.pch */ = {isa = PBXFileReference; fileEncoding = 4; lastKnownFileType = sourcecode.c.h; name = "BRLOptionParser-Prefix.pch"; path = "xline/BRLOptionParser/BRLOptionParser-Prefix.pch"; sourceTree = "<group>"; };
		0B8EE92F19E2E30900AC6A8C /* BRLOptionParser.h */ = {isa = PBXFileReference; fileEncoding = 4; lastKnownFileType = sourcecode.c.h; name = BRLOptionParser.h; path = xline/BRLOptionParser/BRLOptionParser.h; sourceTree = "<group>"; };
		0B8EE93019E2E30900AC6A8C /* BRLOptionParser.m */ = {isa = PBXFileReference; fileEncoding = 4; lastKnownFileType = sourcecode.c.objc; name = BRLOptionParser.m; path = xline/BRLOptionParser/BRLOptionParser.m; sourceTree = "<group>"; };
		0B8EE93319E2E33500AC6A8C /* batt.h */ = {isa = PBXFileReference; fileEncoding = 4; lastKnownFileType = sourcecode.c.h; name = batt.h; path = xline/BattTool/batt.h; sourceTree = "<group>"; };
		0B8EE93419E2E33500AC6A8C /* batt.m */ = {isa = PBXFileReference; fileEncoding = 4; lastKnownFileType = sourcecode.c.objc; name = batt.m; path = xline/BattTool/batt.m; sourceTree = "<group>"; };
/* End PBXFileReference section */

/* Begin PBXFrameworksBuildPhase section */
		0B8EE91419E2E20100AC6A8C /* Frameworks */ = {
			isa = PBXFrameworksBuildPhase;
			buildActionMask = 2147483647;
			files = (
				0B8EE91B19E2E20100AC6A8C /* Foundation.framework in Frameworks */,
			);
			runOnlyForDeploymentPostprocessing = 0;
		};
/* End PBXFrameworksBuildPhase section */

/* Begin PBXGroup section */
		0B8EE90E19E2E20100AC6A8C = {
			isa = PBXGroup;
			children = (
				0B8EE93619E2E33F00AC6A8C /* BatKit */,
				0B8EE93719E2E34700AC6A8C /* BRLOptionParser */,
				0B8EE93819E2E34F00AC6A8C /* SMCUtil */,
				0B8EE91C19E2E20100AC6A8C /* xline */,
				0B8EE91919E2E20100AC6A8C /* Frameworks */,
				0B8EE91819E2E20100AC6A8C /* Products */,
			);
			sourceTree = "<group>";
		};
		0B8EE91819E2E20100AC6A8C /* Products */ = {
			isa = PBXGroup;
			children = (
				0B8EE91719E2E20100AC6A8C /* xline */,
			);
			name = Products;
			sourceTree = "<group>";
		};
		0B8EE91919E2E20100AC6A8C /* Frameworks */ = {
			isa = PBXGroup;
			children = (
				0B8EE91A19E2E20100AC6A8C /* Foundation.framework */,
			);
			name = Frameworks;
			sourceTree = "<group>";
		};
		0B8EE91C19E2E20100AC6A8C /* xline */ = {
			isa = PBXGroup;
			children = (
				0B8EE91D19E2E20100AC6A8C /* main.m */,
				0B8EE91F19E2E20100AC6A8C /* Supporting Files */,
			);
			path = xline;
			sourceTree = "<group>";
		};
		0B8EE91F19E2E20100AC6A8C /* Supporting Files */ = {
			isa = PBXGroup;
			children = (
				0B8EE92019E2E20100AC6A8C /* xline-Prefix.pch */,
			);
			name = "Supporting Files";
			sourceTree = "<group>";
		};
		0B8EE93619E2E33F00AC6A8C /* BatKit */ = {
			isa = PBXGroup;
			children = (
				0B8EE93319E2E33500AC6A8C /* batt.h */,
				0B8EE93419E2E33500AC6A8C /* batt.m */,
			);
			name = BatKit;
			sourceTree = "<group>";
		};
		0B8EE93719E2E34700AC6A8C /* BRLOptionParser */ = {
			isa = PBXGroup;
			children = (
				0B8EE92E19E2E30900AC6A8C /* BRLOptionParser-Prefix.pch */,
				0B8EE92F19E2E30900AC6A8C /* BRLOptionParser.h */,
				0B8EE93019E2E30900AC6A8C /* BRLOptionParser.m */,
			);
			name = BRLOptionParser;
			sourceTree = "<group>";
		};
		0B8EE93819E2E34F00AC6A8C /* SMCUtil */ = {
			isa = PBXGroup;
			children = (
				0B8EE92B19E2E2F700AC6A8C /* smc.c */,
				0B8EE92C19E2E2F700AC6A8C /* smc.h */,
			);
			name = SMCUtil;
			sourceTree = "<group>";
		};
/* End PBXGroup section */

/* Begin PBXNativeTarget section */
		0B8EE91619E2E20100AC6A8C /* xline */ = {
			isa = PBXNativeTarget;
			buildConfigurationList = 0B8EE92519E2E20100AC6A8C /* Build configuration list for PBXNativeTarget "xline" */;
			buildPhases = (
				0B8EE91319E2E20100AC6A8C /* Sources */,
				0B8EE91419E2E20100AC6A8C /* Frameworks */,
				0B8EE91519E2E20100AC6A8C /* CopyFiles */,
			);
			buildRules = (
			);
			dependencies = (
			);
			name = xline;
			productName = xline;
			productReference = 0B8EE91719E2E20100AC6A8C /* xline */;
			productType = "com.apple.product-type.tool";
		};
/* End PBXNativeTarget section */

/* Begin PBXProject section */
		0B8EE90F19E2E20100AC6A8C /* Project object */ = {
			isa = PBXProject;
			attributes = {
				LastUpgradeCheck = 0510;
				ORGANIZATIONNAME = perfaram;
			};
			buildConfigurationList = 0B8EE91219E2E20100AC6A8C /* Build configuration list for PBXProject "xline" */;
			compatibilityVersion = "Xcode 3.2";
			developmentRegion = English;
			hasScannedForEncodings = 0;
			knownRegions = (
				en,
			);
			mainGroup = 0B8EE90E19E2E20100AC6A8C;
			productRefGroup = 0B8EE91819E2E20100AC6A8C /* Products */;
			projectDirPath = "";
			projectRoot = "";
			targets = (
				0B8EE91619E2E20100AC6A8C /* xline */,
			);
		};
/* End PBXProject section */

/* Begin PBXSourcesBuildPhase section */
		0B8EE91319E2E20100AC6A8C /* Sources */ = {
			isa = PBXSourcesBuildPhase;
			buildActionMask = 2147483647;
			files = (
				0B8EE93519E2E33500AC6A8C /* batt.m in Sources */,
				0B8EE91E19E2E20100AC6A8C /* main.m in Sources */,
				0B8EE93119E2E30900AC6A8C /* BRLOptionParser.m in Sources */,
				0B8EE92D19E2E2F700AC6A8C /* smc.c in Sources */,
			);
			runOnlyForDeploymentPostprocessing = 0;
		};
/* End PBXSourcesBuildPhase section */

/* Begin XCBuildConfiguration section */
		0B8EE92319E2E20100AC6A8C /* Debug */ = {
			isa = XCBuildConfiguration;
			buildSettings = {
				ALWAYS_SEARCH_USER_PATHS = NO;
				CLANG_CXX_LANGUAGE_STANDARD = "gnu++0x";
				CLANG_CXX_LIBRARY = "libc++";
				CLANG_ENABLE_MODULES = YES;
				CLANG_ENABLE_OBJC_ARC = YES;
				CLANG_WARN_BOOL_CONVERSION = YES;
				CLANG_WARN_CONSTANT_CONVERSION = YES;
				CLANG_WARN_DIRECT_OBJC_ISA_USAGE = YES_ERROR;
				CLANG_WARN_EMPTY_BODY = YES;
				CLANG_WARN_ENUM_CONVERSION = YES;
				CLANG_WARN_INT_CONVERSION = YES;
				CLANG_WARN_OBJC_ROOT_CLASS = YES_ERROR;
				CLANG_WARN__DUPLICATE_METHOD_MATCH = YES;
				COPY_PHASE_STRIP = NO;
				CURRENT_PROJECT_VERSION = 0.9;
				GCC_C_LANGUAGE_STANDARD = gnu99;
				GCC_DYNAMIC_NO_PIC = NO;
				GCC_ENABLE_OBJC_EXCEPTIONS = YES;
				GCC_OPTIMIZATION_LEVEL = 0;
				GCC_PREPROCESSOR_DEFINITIONS = (
					"DEBUG=1",
					"$(inherited)",
				);
				GCC_SYMBOLS_PRIVATE_EXTERN = NO;
				GCC_WARN_64_TO_32_BIT_CONVERSION = YES;
				GCC_WARN_ABOUT_RETURN_TYPE = YES_ERROR;
				GCC_WARN_UNDECLARED_SELECTOR = YES;
				GCC_WARN_UNINITIALIZED_AUTOS = YES_AGGRESSIVE;
				GCC_WARN_UNUSED_FUNCTION = YES;
				GCC_WARN_UNUSED_VARIABLE = YES;
				MACOSX_DEPLOYMENT_TARGET = 10.7;
				ONLY_ACTIVE_ARCH = NO;
				SDKROOT = macosx;
			};
			name = Debug;
		};
		0B8EE92419E2E20100AC6A8C /* Release */ = {
			isa = XCBuildConfiguration;
			buildSettings = {
				ALWAYS_SEARCH_USER_PATHS = NO;
				CLANG_CXX_LANGUAGE_STANDARD = "gnu++0x";
				CLANG_CXX_LIBRARY = "libc++";
				CLANG_ENABLE_MODULES = YES;
				CLANG_ENABLE_OBJC_ARC = YES;
				CLANG_WARN_BOOL_CONVERSION = YES;
				CLANG_WARN_CONSTANT_CONVERSION = YES;
				CLANG_WARN_DIRECT_OBJC_ISA_USAGE = YES_ERROR;
				CLANG_WARN_EMPTY_BODY = YES;
				CLANG_WARN_ENUM_CONVERSION = YES;
				CLANG_WARN_INT_CONVERSION = YES;
				CLANG_WARN_OBJC_ROOT_CLASS = YES_ERROR;
				CLANG_WARN__DUPLICATE_METHOD_MATCH = YES;
				COPY_PHASE_STRIP = YES;
				CURRENT_PROJECT_VERSION = 0.9;
				DEBUG_INFORMATION_FORMAT = "dwarf-with-dsym";
				ENABLE_NS_ASSERTIONS = NO;
				GCC_C_LANGUAGE_STANDARD = gnu99;
				GCC_ENABLE_OBJC_EXCEPTIONS = YES;
				GCC_WARN_64_TO_32_BIT_CONVERSION = YES;
				GCC_WARN_ABOUT_RETURN_TYPE = YES_ERROR;
				GCC_WARN_UNDECLARED_SELECTOR = YES;
				GCC_WARN_UNINITIALIZED_AUTOS = YES_AGGRESSIVE;
				GCC_WARN_UNUSED_FUNCTION = YES;
				GCC_WARN_UNUSED_VARIABLE = YES;
				MACOSX_DEPLOYMENT_TARGET = 10.7;
				ONLY_ACTIVE_ARCH = YES;
				SDKROOT = macosx;
			};
			name = Release;
		};
		0B8EE92619E2E20100AC6A8C /* Debug */ = {
			isa = XCBuildConfiguration;
			buildSettings = {
				GCC_PRECOMPILE_PREFIX_HEADER = YES;
				GCC_PREFIX_HEADER = "xline/xline-Prefix.pch";
				PRODUCT_NAME = "$(TARGET_NAME)";
				SYMROOT = ./bin;
			};
			name = Debug;
		};
		0B8EE92719E2E20100AC6A8C /* Release */ = {
			isa = XCBuildConfiguration;
			buildSettings = {
				GCC_PRECOMPILE_PREFIX_HEADER = YES;
				GCC_PREFIX_HEADER = "xline/xline-Prefix.pch";
				PRODUCT_NAME = "$(TARGET_NAME)";
				SYMROOT = ./bin;
			};
			name = Release;
		};
/* End XCBuildConfiguration section */

/* Begin XCConfigurationList section */
		0B8EE91219E2E20100AC6A8C /* Build configuration list for PBXProject "xline" */ = {
			isa = XCConfigurationList;
			buildConfigurations = (
				0B8EE92319E2E20100AC6A8C /* Debug */,
				0B8EE92419E2E20100AC6A8C /* Release */,
			);
			defaultConfigurationIsVisible = 0;
			defaultConfigurationName = Release;
		};
		0B8EE92519E2E20100AC6A8C /* Build configuration list for PBXNativeTarget "xline" */ = {
			isa = XCConfigurationList;
			buildConfigurations = (
				0B8EE92619E2E20100AC6A8C /* Debug */,
				0B8EE92719E2E20100AC6A8C /* Release */,
			);
			defaultConfigurationIsVisible = 0;
			defaultConfigurationName = Release;
		};
/* End XCConfigurationList section */
	};
	rootObject = 0B8EE90F19E2E20100AC6A8C /* Project object */;
}
