// !$*UTF8*$!
{
	archiveVersion = 1;
	classes = {
	};
	objectVersion = 46;
	objects = {

/* Begin PBXBuildFile section */
		0B0E42621A208AA50026BA82 /* main.m in Sources */ = {isa = PBXBuildFile; fileRef = 0B0E42611A208AA50026BA82 /* main.m */; };
		0B0E426B1A208AC10026BA82 /* BRLOptionParser.m in Sources */ = {isa = PBXBuildFile; fileRef = 0B0E42691A208AC10026BA82 /* BRLOptionParser.m */; };
		0B0E426F1A208DF10026BA82 /* smc.c in Sources */ = {isa = PBXBuildFile; fileRef = 0B0E426D1A208DF10026BA82 /* smc.c */; };
/* End PBXBuildFile section */

/* Begin PBXCopyFilesBuildPhase section */
		0B0E425C1A208AA50026BA82 /* CopyFiles */ = {
			isa = PBXCopyFilesBuildPhase;
			buildActionMask = 2147483647;
			dstPath = /usr/share/man/man1/;
			dstSubfolderSpec = 0;
			files = (
			);
			runOnlyForDeploymentPostprocessing = 1;
		};
/* End PBXCopyFilesBuildPhase section */

/* Begin PBXFileReference section */
		0B0E425E1A208AA50026BA82 /* xLine */ = {isa = PBXFileReference; explicitFileType = "compiled.mach-o.executable"; includeInIndex = 0; path = xLine; sourceTree = BUILT_PRODUCTS_DIR; };
		0B0E42611A208AA50026BA82 /* main.m */ = {isa = PBXFileReference; lastKnownFileType = sourcecode.c.objc; path = main.m; sourceTree = "<group>"; };
		0B0E42681A208AC10026BA82 /* BRLOptionParser.h */ = {isa = PBXFileReference; fileEncoding = 4; lastKnownFileType = sourcecode.c.h; path = BRLOptionParser.h; sourceTree = "<group>"; };
		0B0E42691A208AC10026BA82 /* BRLOptionParser.m */ = {isa = PBXFileReference; fileEncoding = 4; lastKnownFileType = sourcecode.c.objc; path = BRLOptionParser.m; sourceTree = "<group>"; };
		0B0E426A1A208AC10026BA82 /* BRLOptionParser-Prefix.pch */ = {isa = PBXFileReference; fileEncoding = 4; lastKnownFileType = sourcecode.c.h; path = "BRLOptionParser-Prefix.pch"; sourceTree = "<group>"; };
		0B0E426D1A208DF10026BA82 /* smc.c */ = {isa = PBXFileReference; fileEncoding = 4; lastKnownFileType = sourcecode.c.c; path = smc.c; sourceTree = "<group>"; };
		0B0E426E1A208DF10026BA82 /* smc.h */ = {isa = PBXFileReference; fileEncoding = 4; lastKnownFileType = sourcecode.c.h; path = smc.h; sourceTree = "<group>"; };
/* End PBXFileReference section */

/* Begin PBXFrameworksBuildPhase section */
		0B0E425B1A208AA50026BA82 /* Frameworks */ = {
			isa = PBXFrameworksBuildPhase;
			buildActionMask = 2147483647;
			files = (
			);
			runOnlyForDeploymentPostprocessing = 0;
		};
/* End PBXFrameworksBuildPhase section */

/* Begin PBXGroup section */
		0B0E42551A208AA50026BA82 = {
			isa = PBXGroup;
			children = (
				0B0E42601A208AA50026BA82 /* xLine */,
				0B0E425F1A208AA50026BA82 /* Products */,
			);
			sourceTree = "<group>";
			usesTabs = 1;
		};
		0B0E425F1A208AA50026BA82 /* Products */ = {
			isa = PBXGroup;
			children = (
				0B0E425E1A208AA50026BA82 /* xLine */,
			);
			name = Products;
			sourceTree = "<group>";
		};
		0B0E42601A208AA50026BA82 /* xLine */ = {
			isa = PBXGroup;
			children = (
				0B0E42701A208DF50026BA82 /* SMC */,
				0B0E426C1A208AD00026BA82 /* BRLOptionParser */,
				0B0E42611A208AA50026BA82 /* main.m */,
			);
			path = xLine;
			sourceTree = "<group>";
		};
		0B0E426C1A208AD00026BA82 /* BRLOptionParser */ = {
			isa = PBXGroup;
			children = (
				0B0E42681A208AC10026BA82 /* BRLOptionParser.h */,
				0B0E42691A208AC10026BA82 /* BRLOptionParser.m */,
				0B0E426A1A208AC10026BA82 /* BRLOptionParser-Prefix.pch */,
			);
			name = BRLOptionParser;
			sourceTree = "<group>";
		};
		0B0E42701A208DF50026BA82 /* SMC */ = {
			isa = PBXGroup;
			children = (
				0B0E426D1A208DF10026BA82 /* smc.c */,
				0B0E426E1A208DF10026BA82 /* smc.h */,
			);
			name = SMC;
			sourceTree = "<group>";
		};
/* End PBXGroup section */

/* Begin PBXNativeTarget section */
		0B0E425D1A208AA50026BA82 /* xLine */ = {
			isa = PBXNativeTarget;
			buildConfigurationList = 0B0E42651A208AA50026BA82 /* Build configuration list for PBXNativeTarget "xLine" */;
			buildPhases = (
				0B0E425A1A208AA50026BA82 /* Sources */,
				0B0E425B1A208AA50026BA82 /* Frameworks */,
				0B0E425C1A208AA50026BA82 /* CopyFiles */,
			);
			buildRules = (
			);
			dependencies = (
			);
			name = xLine;
			productName = xLine;
			productReference = 0B0E425E1A208AA50026BA82 /* xLine */;
			productType = "com.apple.product-type.tool";
		};
/* End PBXNativeTarget section */

/* Begin PBXProject section */
		0B0E42561A208AA50026BA82 /* Project object */ = {
			isa = PBXProject;
			attributes = {
				LastUpgradeCheck = 0610;
				ORGANIZATIONNAME = Faro;
				TargetAttributes = {
					0B0E425D1A208AA50026BA82 = {
						CreatedOnToolsVersion = 6.1;
					};
				};
			};
			buildConfigurationList = 0B0E42591A208AA50026BA82 /* Build configuration list for PBXProject "xLine" */;
			compatibilityVersion = "Xcode 3.2";
			developmentRegion = English;
			hasScannedForEncodings = 0;
			knownRegions = (
				en,
			);
			mainGroup = 0B0E42551A208AA50026BA82;
			productRefGroup = 0B0E425F1A208AA50026BA82 /* Products */;
			projectDirPath = "";
			projectRoot = "";
			targets = (
				0B0E425D1A208AA50026BA82 /* xLine */,
			);
		};
/* End PBXProject section */

/* Begin PBXSourcesBuildPhase section */
		0B0E425A1A208AA50026BA82 /* Sources */ = {
			isa = PBXSourcesBuildPhase;
			buildActionMask = 2147483647;
			files = (
				0B0E426F1A208DF10026BA82 /* smc.c in Sources */,
				0B0E426B1A208AC10026BA82 /* BRLOptionParser.m in Sources */,
				0B0E42621A208AA50026BA82 /* main.m in Sources */,
			);
			runOnlyForDeploymentPostprocessing = 0;
		};
/* End PBXSourcesBuildPhase section */

/* Begin XCBuildConfiguration section */
		0B0E42631A208AA50026BA82 /* Debug */ = {
			isa = XCBuildConfiguration;
			buildSettings = {
				ALWAYS_SEARCH_USER_PATHS = NO;
				CLANG_CXX_LANGUAGE_STANDARD = "gnu++0x";
				CLANG_CXX_LIBRARY = "libc++";
				CLANG_ENABLE_MODULES = YES;
				CLANG_ENABLE_OBJC_ARC = YES;
				CLANG_WARN_BOOL_CONVERSION = YES;
				CLANG_WARN_CONSTANT_CONVERSION = YES;
				CLANG_WARN_DIRECT_OBJC_ISA_USAGE = YES_ERROR;
				CLANG_WARN_EMPTY_BODY = YES;
				CLANG_WARN_ENUM_CONVERSION = YES;
				CLANG_WARN_INT_CONVERSION = YES;
				CLANG_WARN_OBJC_ROOT_CLASS = YES_ERROR;
				CLANG_WARN_UNREACHABLE_CODE = YES;
				CLANG_WARN__DUPLICATE_METHOD_MATCH = YES;
				COPY_PHASE_STRIP = NO;
				ENABLE_STRICT_OBJC_MSGSEND = YES;
				GCC_C_LANGUAGE_STANDARD = gnu99;
				GCC_DYNAMIC_NO_PIC = NO;
				GCC_OPTIMIZATION_LEVEL = 0;
				GCC_PREPROCESSOR_DEFINITIONS = (
					"DEBUG=1",
					"$(inherited)",
				);
				GCC_SYMBOLS_PRIVATE_EXTERN = NO;
				GCC_WARN_64_TO_32_BIT_CONVERSION = YES;
				GCC_WARN_ABOUT_RETURN_TYPE = YES_ERROR;
				GCC_WARN_UNDECLARED_SELECTOR = YES;
				GCC_WARN_UNINITIALIZED_AUTOS = YES_AGGRESSIVE;
				GCC_WARN_UNUSED_FUNCTION = YES;
				GCC_WARN_UNUSED_VARIABLE = YES;
				MACOSX_DEPLOYMENT_TARGET = 10.10;
				MTL_ENABLE_DEBUG_INFO = YES;
				ONLY_ACTIVE_ARCH = YES;
				SDKROOT = macosx;
			};
			name = Debug;
		};
		0B0E42641A208AA50026BA82 /* Release */ = {
			isa = XCBuildConfiguration;
			buildSettings = {
				ALWAYS_SEARCH_USER_PATHS = NO;
				CLANG_CXX_LANGUAGE_STANDARD = "gnu++0x";
				CLANG_CXX_LIBRARY = "libc++";
				CLANG_ENABLE_MODULES = YES;
				CLANG_ENABLE_OBJC_ARC = YES;
				CLANG_WARN_BOOL_CONVERSION = YES;
				CLANG_WARN_CONSTANT_CONVERSION = YES;
				CLANG_WARN_DIRECT_OBJC_ISA_USAGE = YES_ERROR;
				CLANG_WARN_EMPTY_BODY = YES;
				CLANG_WARN_ENUM_CONVERSION = YES;
				CLANG_WARN_INT_CONVERSION = YES;
				CLANG_WARN_OBJC_ROOT_CLASS = YES_ERROR;
				CLANG_WARN_UNREACHABLE_CODE = YES;
				CLANG_WARN__DUPLICATE_METHOD_MATCH = YES;
				COPY_PHASE_STRIP = YES;
				DEBUG_INFORMATION_FORMAT = "dwarf-with-dsym";
				ENABLE_NS_ASSERTIONS = NO;
				ENABLE_STRICT_OBJC_MSGSEND = YES;
				GCC_C_LANGUAGE_STANDARD = gnu99;
				GCC_WARN_64_TO_32_BIT_CONVERSION = YES;
				GCC_WARN_ABOUT_RETURN_TYPE = YES_ERROR;
				GCC_WARN_UNDECLARED_SELECTOR = YES;
				GCC_WARN_UNINITIALIZED_AUTOS = YES_AGGRESSIVE;
				GCC_WARN_UNUSED_FUNCTION = YES;
				GCC_WARN_UNUSED_VARIABLE = YES;
				MACOSX_DEPLOYMENT_TARGET = 10.10;
				MTL_ENABLE_DEBUG_INFO = NO;
				SDKROOT = macosx;
			};
			name = Release;
		};
		0B0E42661A208AA50026BA82 /* Debug */ = {
			isa = XCBuildConfiguration;
			buildSettings = {
				PRODUCT_NAME = "$(TARGET_NAME)";
			};
			name = Debug;
		};
		0B0E42671A208AA50026BA82 /* Release */ = {
			isa = XCBuildConfiguration;
			buildSettings = {
				PRODUCT_NAME = "$(TARGET_NAME)";
			};
			name = Release;
		};
/* End XCBuildConfiguration section */

/* Begin XCConfigurationList section */
		0B0E42591A208AA50026BA82 /* Build configuration list for PBXProject "xLine" */ = {
			isa = XCConfigurationList;
			buildConfigurations = (
				0B0E42631A208AA50026BA82 /* Debug */,
				0B0E42641A208AA50026BA82 /* Release */,
			);
			defaultConfigurationIsVisible = 0;
			defaultConfigurationName = Release;
		};
		0B0E42651A208AA50026BA82 /* Build configuration list for PBXNativeTarget "xLine" */ = {
			isa = XCConfigurationList;
			buildConfigurations = (
				0B0E42661A208AA50026BA82 /* Debug */,
				0B0E42671A208AA50026BA82 /* Release */,
			);
			defaultConfigurationIsVisible = 0;
			defaultConfigurationName = Release;
		};
/* End XCConfigurationList section */
	};
	rootObject = 0B0E42561A208AA50026BA82 /* Project object */;
}
